
Microsoft Visual Studio Solution File, Format Version 12.00
# Visual Studio Version 17
VisualStudioVersion = 17.10.34928.147
MinimumVisualStudioVersion = 10.0.40219.1
Project("{FAE04EC0-301F-11D3-BF4B-00C04F79EFBC}") = "Northwind.EntityModels.Sqlite", "Northwind.EntityModels.Sqlite\Northwind.EntityModels.Sqlite.csproj", "{1A54C730-2DAF-452A-BE4E-5BEAE3701FB0}"
EndProject
Project("{FAE04EC0-301F-11D3-BF4B-00C04F79EFBC}") = "Northwind.DataContext.Sqlite", "Northwind.DataContext.Sqlite\Northwind.DataContext.Sqlite.csproj", "{E1303EFE-0280-424C-B3A3-6508BB13EEAD}"
EndProject
Global
	GlobalSection(SolutionConfigurationPlatforms) = preSolution
		Debug|Any CPU = Debug|Any CPU
		Release|Any CPU = Release|Any CPU
	EndGlobalSection
	GlobalSection(ProjectConfigurationPlatforms) = postSolution
		{1A54C730-2DAF-452A-BE4E-5BEAE3701FB0}.Debug|Any CPU.ActiveCfg = Debug|Any CPU
		{1A54C730-2DAF-452A-BE4E-5BEAE3701FB0}.Debug|Any CPU.Build.0 = Debug|Any CPU
		{1A54C730-2DAF-452A-BE4E-5BEAE3701FB0}.Release|Any CPU.ActiveCfg = Release|Any CPU
		{1A54C730-2DAF-452A-BE4E-5BEAE3701FB0}.Release|Any CPU.Build.0 = Release|Any CPU
		{E1303EFE-0280-424C-B3A3-6508BB13EEAD}.Debug|Any CPU.ActiveCfg = Debug|Any CPU
		{E1303EFE-0280-424C-B3A3-6508BB13EEAD}.Debug|Any CPU.Build.0 = Debug|Any CPU
		{E1303EFE-0280-424C-B3A3-6508BB13EEAD}.Release|Any CPU.ActiveCfg = Release|Any CPU
		{E1303EFE-0280-424C-B3A3-6508BB13EEAD}.Release|Any CPU.Build.0 = Release|Any CPU
	EndGlobalSection
	GlobalSection(SolutionProperties) = preSolution
		HideSolutionNode = FALSE
	EndGlobalSection
	GlobalSection(ExtensibilityGlobals) = postSolution
		SolutionGuid = {FC74E91F-0698-4A46-93BE-17EAD404D474}
	EndGlobalSection
EndGlobal
