
Microsoft Visual Studio Solution File, Format Version 12.00
# Visual Studio Version 17
VisualStudioVersion = 17.10.34928.147
MinimumVisualStudioVersion = 10.0.40219.1
Project("{9A19103F-16F7-4668-BE54-9A1E7A4F7556}") = "WorkingWithEFCore", "WorkingWithEFCore\WorkingWithEFCore.csproj", "{08A25991-26F1-4563-A546-1B063DED7074}"
EndProject
Project("{FAE04EC0-301F-11D3-BF4B-00C04F79EFBC}") = "Northwind.EntityModels", "Northwind.EntityModels\Northwind.EntityModels.csproj", "{62B8F590-53EC-424D-8659-21629B16F813}"
EndProject
Global
	GlobalSection(SolutionConfigurationPlatforms) = preSolution
		Debug|Any CPU = Debug|Any CPU
		Release|Any CPU = Release|Any CPU
	EndGlobalSection
	GlobalSection(ProjectConfigurationPlatforms) = postSolution
		{08A25991-26F1-4563-A546-1B063DED7074}.Debug|Any CPU.ActiveCfg = Debug|Any CPU
		{08A25991-26F1-4563-A546-1B063DED7074}.Debug|Any CPU.Build.0 = Debug|Any CPU
		{08A25991-26F1-4563-A546-1B063DED7074}.Release|Any CPU.ActiveCfg = Release|Any CPU
		{08A25991-26F1-4563-A546-1B063DED7074}.Release|Any CPU.Build.0 = Release|Any CPU
		{62B8F590-53EC-424D-8659-21629B16F813}.Debug|Any CPU.ActiveCfg = Debug|Any CPU
		{62B8F590-53EC-424D-8659-21629B16F813}.Debug|Any CPU.Build.0 = Debug|Any CPU
		{62B8F590-53EC-424D-8659-21629B16F813}.Release|Any CPU.ActiveCfg = Release|Any CPU
		{62B8F590-53EC-424D-8659-21629B16F813}.Release|Any CPU.Build.0 = Release|Any CPU
	EndGlobalSection
	GlobalSection(SolutionProperties) = preSolution
		HideSolutionNode = FALSE
	EndGlobalSection
	GlobalSection(ExtensibilityGlobals) = postSolution
		SolutionGuid = {3A54CECD-369C-47CF-A313-6C8C95920EFE}
	EndGlobalSection
EndGlobal
