
Microsoft Visual Studio Solution File, Format Version 12.00
# Visual Studio Version 17
VisualStudioVersion = 17.10.34916.146
MinimumVisualStudioVersion = 10.0.40219.1
Project("{9A19103F-16F7-4668-BE54-9A1E7A4F7556}") = "AssembliesAndNamespaces", "AssembliesAndNamespaces\AssembliesAndNamespaces.csproj", "{D38BB615-20B4-40AF-8D73-9C7E920AF2EC}"
EndProject
Project("{9A19103F-16F7-4668-BE54-9A1E7A4F7556}") = "SharedLibrary", "SharedLibrary\SharedLibrary.csproj", "{A494FDAF-0B25-4B73-A795-0C3D4BDB1157}"
EndProject
Project("{9A19103F-16F7-4668-BE54-9A1E7A4F7556}") = "ControlSDK", "ControlSDK\ControlSDK.csproj", "{A03B249B-B9FC-4007-90A5-28F058AD7662}"
EndProject
Project("{FAE04EC0-301F-11D3-BF4B-00C04F79EFBC}") = "DotNetEverywhere", "DotNetEverywhere\DotNetEverywhere.csproj", "{B15EF447-ED2B-46DE-9003-704C42CD1D9C}"
EndProject
Global
	GlobalSection(SolutionConfigurationPlatforms) = preSolution
		Debug|Any CPU = Debug|Any CPU
		Release|Any CPU = Release|Any CPU
	EndGlobalSection
	GlobalSection(ProjectConfigurationPlatforms) = postSolution
		{D38BB615-20B4-40AF-8D73-9C7E920AF2EC}.Debug|Any CPU.ActiveCfg = Debug|Any CPU
		{D38BB615-20B4-40AF-8D73-9C7E920AF2EC}.Debug|Any CPU.Build.0 = Debug|Any CPU
		{D38BB615-20B4-40AF-8D73-9C7E920AF2EC}.Release|Any CPU.ActiveCfg = Release|Any CPU
		{D38BB615-20B4-40AF-8D73-9C7E920AF2EC}.Release|Any CPU.Build.0 = Release|Any CPU
		{A494FDAF-0B25-4B73-A795-0C3D4BDB1157}.Debug|Any CPU.ActiveCfg = Debug|Any CPU
		{A494FDAF-0B25-4B73-A795-0C3D4BDB1157}.Debug|Any CPU.Build.0 = Debug|Any CPU
		{A494FDAF-0B25-4B73-A795-0C3D4BDB1157}.Release|Any CPU.ActiveCfg = Release|Any CPU
		{A494FDAF-0B25-4B73-A795-0C3D4BDB1157}.Release|Any CPU.Build.0 = Release|Any CPU
		{A03B249B-B9FC-4007-90A5-28F058AD7662}.Debug|Any CPU.ActiveCfg = Debug|Any CPU
		{A03B249B-B9FC-4007-90A5-28F058AD7662}.Debug|Any CPU.Build.0 = Debug|Any CPU
		{A03B249B-B9FC-4007-90A5-28F058AD7662}.Release|Any CPU.ActiveCfg = Release|Any CPU
		{A03B249B-B9FC-4007-90A5-28F058AD7662}.Release|Any CPU.Build.0 = Release|Any CPU
		{B15EF447-ED2B-46DE-9003-704C42CD1D9C}.Debug|Any CPU.ActiveCfg = Debug|Any CPU
		{B15EF447-ED2B-46DE-9003-704C42CD1D9C}.Debug|Any CPU.Build.0 = Debug|Any CPU
		{B15EF447-ED2B-46DE-9003-704C42CD1D9C}.Release|Any CPU.ActiveCfg = Release|Any CPU
		{B15EF447-ED2B-46DE-9003-704C42CD1D9C}.Release|Any CPU.Build.0 = Release|Any CPU
	EndGlobalSection
	GlobalSection(SolutionProperties) = preSolution
		HideSolutionNode = FALSE
	EndGlobalSection
	GlobalSection(ExtensibilityGlobals) = postSolution
		SolutionGuid = {555FB18E-6AEF-4FDC-B8B3-9A1E69655C03}
	EndGlobalSection
EndGlobal
