
Microsoft Visual Studio Solution File, Format Version 12.00
# Visual Studio Version 17
VisualStudioVersion = 17.9.34902.65
MinimumVisualStudioVersion = 10.0.40219.1
Project("{9A19103F-16F7-4668-BE54-9A1E7A4F7556}") = "Operators", "Operators\Operators.csproj", "{7CD4F5A7-D537-4F0F-8A77-88CAB6079E31}"
EndProject
Project("{FAE04EC0-301F-11D3-BF4B-00C04F79EFBC}") = "SelectionStatements", "SelectionStatements\SelectionStatements.csproj", "{8100B858-B892-4D92-935B-EDA77BA2175E}"
EndProject
Global
	GlobalSection(SolutionConfigurationPlatforms) = preSolution
		Debug|Any CPU = Debug|Any CPU
		Release|Any CPU = Release|Any CPU
	EndGlobalSection
	GlobalSection(ProjectConfigurationPlatforms) = postSolution
		{7CD4F5A7-D537-4F0F-8A77-88CAB6079E31}.Debug|Any CPU.ActiveCfg = Debug|Any CPU
		{7CD4F5A7-D537-4F0F-8A77-88CAB6079E31}.Debug|Any CPU.Build.0 = Debug|Any CPU
		{7CD4F5A7-D537-4F0F-8A77-88CAB6079E31}.Release|Any CPU.ActiveCfg = Release|Any CPU
		{7CD4F5A7-D537-4F0F-8A77-88CAB6079E31}.Release|Any CPU.Build.0 = Release|Any CPU
		{8100B858-B892-4D92-935B-EDA77BA2175E}.Debug|Any CPU.ActiveCfg = Debug|Any CPU
		{8100B858-B892-4D92-935B-EDA77BA2175E}.Debug|Any CPU.Build.0 = Debug|Any CPU
		{8100B858-B892-4D92-935B-EDA77BA2175E}.Release|Any CPU.ActiveCfg = Release|Any CPU
		{8100B858-B892-4D92-935B-EDA77BA2175E}.Release|Any CPU.Build.0 = Release|Any CPU
	EndGlobalSection
	GlobalSection(SolutionProperties) = preSolution
		HideSolutionNode = FALSE
	EndGlobalSection
	GlobalSection(ExtensibilityGlobals) = postSolution
		SolutionGuid = {243EC731-7DB4-4267-AB4D-74BC2B69B793}
	EndGlobalSection
EndGlobal
