
Microsoft Visual Studio Solution File, Format Version 12.00
# Visual Studio Version 17
VisualStudioVersion = 17.10.34928.147
MinimumVisualStudioVersion = 10.0.40219.1
Project("{9A19103F-16F7-4668-BE54-9A1E7A4F7556}") = "WorkingWithFileSystems", "WorkingWithFileSystems\WorkingWithFileSystems.csproj", "{FE5E4C4B-4FEC-45DB-860F-AE13E77FEC92}"
EndProject
Project("{9A19103F-16F7-4668-BE54-9A1E7A4F7556}") = "WorkingWithStreams", "WorkingWithStreams\WorkingWithStreams.csproj", "{E0899A63-90B9-45FF-8BC8-0AD33894F3C6}"
EndProject
Project("{9A19103F-16F7-4668-BE54-9A1E7A4F7556}") = "WorkingWithRandomAccess", "WorkingWithRandomAccess\WorkingWithRandomAccess.csproj", "{76CAD476-CDFD-4E27-9011-43BB2B57C36C}"
EndProject
Project("{9A19103F-16F7-4668-BE54-9A1E7A4F7556}") = "WorkingWithEncodings", "WorkingWithEncodings\WorkingWithEncodings.csproj", "{5024B593-D487-40DE-BE54-8FEB4B558C44}"
EndProject
Project("{FAE04EC0-301F-11D3-BF4B-00C04F79EFBC}") = "WorkingWithSerialization", "WorkingWithSerialization\WorkingWithSerialization.csproj", "{413E8037-8DB0-4674-844F-D46FD04EFE0A}"
EndProject
Project("{FAE04EC0-301F-11D3-BF4B-00C04F79EFBC}") = "ControllingJson", "ControllingJson\ControllingJson.csproj", "{EF83712D-5BFC-475C-83D1-13EEA6BD879C}"
EndProject
Project("{FAE04EC0-301F-11D3-BF4B-00C04F79EFBC}") = "WorkingWithEnvVars", "WorkingWithEnvVars\WorkingWithEnvVars.csproj", "{264F6772-69FD-4743-BF79-561E87554694}"
EndProject
Project("{FAE04EC0-301F-11D3-BF4B-00C04F79EFBC}") = "Ch09Ex02SerializingShapes", "Ch09Ex02SerializingShapes\Ch09Ex02SerializingShapes.csproj", "{68344470-6F02-4753-8467-67B94BA6AEBC}"
EndProject
Global
	GlobalSection(SolutionConfigurationPlatforms) = preSolution
		Debug|Any CPU = Debug|Any CPU
		Release|Any CPU = Release|Any CPU
	EndGlobalSection
	GlobalSection(ProjectConfigurationPlatforms) = postSolution
		{FE5E4C4B-4FEC-45DB-860F-AE13E77FEC92}.Debug|Any CPU.ActiveCfg = Debug|Any CPU
		{FE5E4C4B-4FEC-45DB-860F-AE13E77FEC92}.Debug|Any CPU.Build.0 = Debug|Any CPU
		{FE5E4C4B-4FEC-45DB-860F-AE13E77FEC92}.Release|Any CPU.ActiveCfg = Release|Any CPU
		{FE5E4C4B-4FEC-45DB-860F-AE13E77FEC92}.Release|Any CPU.Build.0 = Release|Any CPU
		{E0899A63-90B9-45FF-8BC8-0AD33894F3C6}.Debug|Any CPU.ActiveCfg = Debug|Any CPU
		{E0899A63-90B9-45FF-8BC8-0AD33894F3C6}.Debug|Any CPU.Build.0 = Debug|Any CPU
		{E0899A63-90B9-45FF-8BC8-0AD33894F3C6}.Release|Any CPU.ActiveCfg = Release|Any CPU
		{E0899A63-90B9-45FF-8BC8-0AD33894F3C6}.Release|Any CPU.Build.0 = Release|Any CPU
		{76CAD476-CDFD-4E27-9011-43BB2B57C36C}.Debug|Any CPU.ActiveCfg = Debug|Any CPU
		{76CAD476-CDFD-4E27-9011-43BB2B57C36C}.Debug|Any CPU.Build.0 = Debug|Any CPU
		{76CAD476-CDFD-4E27-9011-43BB2B57C36C}.Release|Any CPU.ActiveCfg = Release|Any CPU
		{76CAD476-CDFD-4E27-9011-43BB2B57C36C}.Release|Any CPU.Build.0 = Release|Any CPU
		{5024B593-D487-40DE-BE54-8FEB4B558C44}.Debug|Any CPU.ActiveCfg = Debug|Any CPU
		{5024B593-D487-40DE-BE54-8FEB4B558C44}.Debug|Any CPU.Build.0 = Debug|Any CPU
		{5024B593-D487-40DE-BE54-8FEB4B558C44}.Release|Any CPU.ActiveCfg = Release|Any CPU
		{5024B593-D487-40DE-BE54-8FEB4B558C44}.Release|Any CPU.Build.0 = Release|Any CPU
		{413E8037-8DB0-4674-844F-D46FD04EFE0A}.Debug|Any CPU.ActiveCfg = Debug|Any CPU
		{413E8037-8DB0-4674-844F-D46FD04EFE0A}.Debug|Any CPU.Build.0 = Debug|Any CPU
		{413E8037-8DB0-4674-844F-D46FD04EFE0A}.Release|Any CPU.ActiveCfg = Release|Any CPU
		{413E8037-8DB0-4674-844F-D46FD04EFE0A}.Release|Any CPU.Build.0 = Release|Any CPU
		{EF83712D-5BFC-475C-83D1-13EEA6BD879C}.Debug|Any CPU.ActiveCfg = Debug|Any CPU
		{EF83712D-5BFC-475C-83D1-13EEA6BD879C}.Debug|Any CPU.Build.0 = Debug|Any CPU
		{EF83712D-5BFC-475C-83D1-13EEA6BD879C}.Release|Any CPU.ActiveCfg = Release|Any CPU
		{EF83712D-5BFC-475C-83D1-13EEA6BD879C}.Release|Any CPU.Build.0 = Release|Any CPU
		{264F6772-69FD-4743-BF79-561E87554694}.Debug|Any CPU.ActiveCfg = Debug|Any CPU
		{264F6772-69FD-4743-BF79-561E87554694}.Debug|Any CPU.Build.0 = Debug|Any CPU
		{264F6772-69FD-4743-BF79-561E87554694}.Release|Any CPU.ActiveCfg = Release|Any CPU
		{264F6772-69FD-4743-BF79-561E87554694}.Release|Any CPU.Build.0 = Release|Any CPU
		{68344470-6F02-4753-8467-67B94BA6AEBC}.Debug|Any CPU.ActiveCfg = Debug|Any CPU
		{68344470-6F02-4753-8467-67B94BA6AEBC}.Debug|Any CPU.Build.0 = Debug|Any CPU
		{68344470-6F02-4753-8467-67B94BA6AEBC}.Release|Any CPU.ActiveCfg = Release|Any CPU
		{68344470-6F02-4753-8467-67B94BA6AEBC}.Release|Any CPU.Build.0 = Release|Any CPU
	EndGlobalSection
	GlobalSection(SolutionProperties) = preSolution
		HideSolutionNode = FALSE
	EndGlobalSection
	GlobalSection(ExtensibilityGlobals) = postSolution
		SolutionGuid = {41EB4310-4B02-4544-89AD-D37D616575C0}
	EndGlobalSection
EndGlobal
